# This file is automatically @generated by Cargo.
# It is not intended for manual editing.
version = 4

[[package]]
name = "ac-core"
version = "0.1.0"

[[package]]
name = "ac-fmt"
version = "0.1.0"
dependencies = [
 "ac-core",
]

[[package]]
name = "ac-lua"
version = "0.1.0"
dependencies = [
 "ac-core",
]

[[package]]
name = "ac-pack"
version = "0.1.0"
dependencies = [
 "ac-core",
]

[[package]]
name = "wildstartool"
version = "1.0.0"
dependencies = [
 "ac-core",
 "ac-fmt",
 "ac-lua",
 "ac-pack",
]
